{"1.1.0",
[{<<"cowboy">>,{pkg,<<"cowboy">>,<<"1.1.2">>},0},
 {<<"cowlib">>,{pkg,<<"cowlib">>,<<"1.0.2">>},1},
 {<<"jesse">>,{pkg,<<"jesse">>,<<"0.1.3">>},0},
 {<<"jiffy">>,{pkg,<<"jiffy">>,<<"0.15.2">>},0},
 {<<"jsx">>,{pkg,<<"jsx">>,<<"2.8.0">>},1},
 {<<"ranch">>,{pkg,<<"ranch">>,<<"1.3.2">>},1}]}.
[
{pkg_hash,[
 {<<"cowboy">>, <<"61AC29EA970389A88ECA5A65601460162D370A70018AFE6F949A29DCA91F3BB0">>},
 {<<"cowlib">>, <<"9D769A1D062C9C3AC753096F868CA121E2730B9A377DE23DEC0F7E08B1DF84EE">>},
 {<<"jesse">>, <<"C08C927893706FF41E602E5BA728DDF73402711C6D7402FB77B94C171B7EE024">>},
 {<<"jiffy">>, <<"DE266C390111FD4EA28B9302F0BC3D7472468F3B8E0ACEABFBEFA26D08CD73B7">>},
 {<<"jsx">>, <<"749BEC6D205C694AE1786D62CEA6CC45A390437E24835FD16D12D74F07097727">>},
 {<<"ranch">>, <<"E4965A144DC9FBE70E5C077C65E73C57165416A901BD02EA899CFD95AA890986">>}]}
].
